
Microsoft Visual Studio Solution File, Format Version 12.00
# Visual Studio Version 16
VisualStudioVersion = 16.0.808.4
MinimumVisualStudioVersion = 10.0.40219.1
Project("{FAE04EC0-301F-11D3-BF4B-00C04F79EFBC}") = "StoreApp", "StoreApp\StoreApp.csproj", "{6D760A58-BB4A-481C-8D4D-DEE494F10EF3}"
EndProject
Global
	GlobalSection(SolutionConfigurationPlatforms) = preSolution
		Debug|Any CPU = Debug|Any CPU
		Release|Any CPU = Release|Any CPU
	EndGlobalSection
	GlobalSection(ProjectConfigurationPlatforms) = postSolution
		{6D760A58-BB4A-481C-8D4D-DEE494F10EF3}.Debug|Any CPU.ActiveCfg = Debug|Any CPU
		{6D760A58-BB4A-481C-8D4D-DEE494F10EF3}.Debug|Any CPU.Build.0 = Debug|Any CPU
		{6D760A58-BB4A-481C-8D4D-DEE494F10EF3}.Release|Any CPU.ActiveCfg = Release|Any CPU
		{6D760A58-BB4A-481C-8D4D-DEE494F10EF3}.Release|Any CPU.Build.0 = Release|Any CPU
	EndGlobalSection
	GlobalSection(SolutionProperties) = preSolution
		HideSolutionNode = FALSE
	EndGlobalSection
	GlobalSection(ExtensibilityGlobals) = postSolution
		SolutionGuid = {D6E3C63A-A34D-4759-8CEF-3620A9B3778A}
	EndGlobalSection
EndGlobal
